
Microsoft Visual Studio Solution File, Format Version 12.00
# Visual Studio Version 17
VisualStudioVersion = 17.0.31410.414
MinimumVisualStudioVersion = 10.0.40219.1
Project("{2150E333-8FDC-42A3-9474-1A3956D46DE8}") = "solution items", "solution items", "{CD6599CA-1650-46F4-8DDC-04A122412F67}"
	ProjectSection(SolutionItems) = preProject
		.dockerignore = .dockerignore
		.gitattributes = .gitattributes
		.gitignore = .gitignore
		common.props = common.props
		Dockerfile = Dockerfile
		LICENSE = LICENSE
		README.md = README.md
	EndProjectSection
EndProject
Project("{2150E333-8FDC-42A3-9474-1A3956D46DE8}") = "src", "src", "{35117D10-C053-4FCE-93AF-689BC94454F0}"
EndProject
Project("{2150E333-8FDC-42A3-9474-1A3956D46DE8}") = "tests", "tests", "{3B6FA8E9-4A8B-4E6D-9B51-4C39D3794080}"
EndProject
Project("{2150E333-8FDC-42A3-9474-1A3956D46DE8}") = "sandbox", "sandbox", "{9D9A2A41-92A6-4E01-91AF-8CFB82498C5D}"
EndProject
Project("{9A19103F-16F7-4668-BE54-9A1E7A4F7556}") = "AutoFilterer", "src\AutoFilterer\AutoFilterer.csproj", "{12FBD30C-3442-45AE-87C4-A952AAEA74CD}"
EndProject
Project("{9A19103F-16F7-4668-BE54-9A1E7A4F7556}") = "WebApplication.API", "sandbox\WebApplication.API\WebApplication.API.csproj", "{48FA3510-F97C-4107-B7B7-0CD9597774CE}"
EndProject
Project("{9A19103F-16F7-4668-BE54-9A1E7A4F7556}") = "AutoFilterer.Tests", "tests\AutoFilterer.Tests\AutoFilterer.Tests.csproj", "{92FE764D-0E34-415A-A392-D42636DB5C99}"
EndProject
Project("{9A19103F-16F7-4668-BE54-9A1E7A4F7556}") = "AutoFilterer.Swagger", "src\AutoFilterer.Swagger\AutoFilterer.Swagger.csproj", "{D1DCF695-233C-4087-9427-A65C4647D770}"
EndProject
Project("{9A19103F-16F7-4668-BE54-9A1E7A4F7556}") = "AutoFilterer.Dynamics.Tests", "tests\AutoFilterer.Dynamics.Tests\AutoFilterer.Dynamics.Tests.csproj", "{15CB81FB-653F-416E-9BBD-935D242555AB}"
EndProject
Project("{9A19103F-16F7-4668-BE54-9A1E7A4F7556}") = "AutoFilterer.Dynamics", "src\AutoFilterer.Dynamics\AutoFilterer.Dynamics.csproj", "{B1F72329-010C-44DC-90A6-CFC82FE684B0}"
EndProject
Project("{9A19103F-16F7-4668-BE54-9A1E7A4F7556}") = "AutoFilterer.Generators", "src\AutoFilterer.Generators\AutoFilterer.Generators.csproj", "{A9CD1B3A-7E1E-4FC6-904B-6930731BD85E}"
EndProject
Project("{9A19103F-16F7-4668-BE54-9A1E7A4F7556}") = "AutoFilterer.Generators.Tests", "tests\AutoFilterer.Generators.Tests\AutoFilterer.Generators.Tests.csproj", "{85818CC1-FB78-4B39-82D1-953B059D3DF0}"
EndProject
Project("{9A19103F-16F7-4668-BE54-9A1E7A4F7556}") = "AutoFilterer.Tests.Core", "tests\AutoFilterer.Tests.Core\AutoFilterer.Tests.Core.csproj", "{07F714D8-4ECD-4897-8709-41FB29FCAC13}"
EndProject
Project("{9A19103F-16F7-4668-BE54-9A1E7A4F7556}") = "AutoFilterer.Benchmark", "tests\AutoFilterer.Benchmark\AutoFilterer.Benchmark.csproj", "{D58AD271-731E-428B-867A-296EEC4B7AB9}"
EndProject
Global
	GlobalSection(SolutionConfigurationPlatforms) = preSolution
		Debug|Any CPU = Debug|Any CPU
		Release|Any CPU = Release|Any CPU
	EndGlobalSection
	GlobalSection(ProjectConfigurationPlatforms) = postSolution
		{12FBD30C-3442-45AE-87C4-A952AAEA74CD}.Debug|Any CPU.ActiveCfg = Debug|Any CPU
		{12FBD30C-3442-45AE-87C4-A952AAEA74CD}.Debug|Any CPU.Build.0 = Debug|Any CPU
		{12FBD30C-3442-45AE-87C4-A952AAEA74CD}.Release|Any CPU.ActiveCfg = Release|Any CPU
		{12FBD30C-3442-45AE-87C4-A952AAEA74CD}.Release|Any CPU.Build.0 = Release|Any CPU
		{48FA3510-F97C-4107-B7B7-0CD9597774CE}.Debug|Any CPU.ActiveCfg = Debug|Any CPU
		{48FA3510-F97C-4107-B7B7-0CD9597774CE}.Debug|Any CPU.Build.0 = Debug|Any CPU
		{48FA3510-F97C-4107-B7B7-0CD9597774CE}.Release|Any CPU.ActiveCfg = Release|Any CPU
		{48FA3510-F97C-4107-B7B7-0CD9597774CE}.Release|Any CPU.Build.0 = Release|Any CPU
		{92FE764D-0E34-415A-A392-D42636DB5C99}.Debug|Any CPU.ActiveCfg = Debug|Any CPU
		{92FE764D-0E34-415A-A392-D42636DB5C99}.Debug|Any CPU.Build.0 = Debug|Any CPU
		{92FE764D-0E34-415A-A392-D42636DB5C99}.Release|Any CPU.ActiveCfg = Release|Any CPU
		{92FE764D-0E34-415A-A392-D42636DB5C99}.Release|Any CPU.Build.0 = Release|Any CPU
		{D1DCF695-233C-4087-9427-A65C4647D770}.Debug|Any CPU.ActiveCfg = Debug|Any CPU
		{D1DCF695-233C-4087-9427-A65C4647D770}.Debug|Any CPU.Build.0 = Debug|Any CPU
		{D1DCF695-233C-4087-9427-A65C4647D770}.Release|Any CPU.ActiveCfg = Release|Any CPU
		{D1DCF695-233C-4087-9427-A65C4647D770}.Release|Any CPU.Build.0 = Release|Any CPU
		{15CB81FB-653F-416E-9BBD-935D242555AB}.Debug|Any CPU.ActiveCfg = Debug|Any CPU
		{15CB81FB-653F-416E-9BBD-935D242555AB}.Debug|Any CPU.Build.0 = Debug|Any CPU
		{15CB81FB-653F-416E-9BBD-935D242555AB}.Release|Any CPU.ActiveCfg = Release|Any CPU
		{15CB81FB-653F-416E-9BBD-935D242555AB}.Release|Any CPU.Build.0 = Release|Any CPU
		{B1F72329-010C-44DC-90A6-CFC82FE684B0}.Debug|Any CPU.ActiveCfg = Debug|Any CPU
		{B1F72329-010C-44DC-90A6-CFC82FE684B0}.Debug|Any CPU.Build.0 = Debug|Any CPU
		{B1F72329-010C-44DC-90A6-CFC82FE684B0}.Release|Any CPU.ActiveCfg = Release|Any CPU
		{B1F72329-010C-44DC-90A6-CFC82FE684B0}.Release|Any CPU.Build.0 = Release|Any CPU
		{A9CD1B3A-7E1E-4FC6-904B-6930731BD85E}.Debug|Any CPU.ActiveCfg = Debug|Any CPU
		{A9CD1B3A-7E1E-4FC6-904B-6930731BD85E}.Debug|Any CPU.Build.0 = Debug|Any CPU
		{A9CD1B3A-7E1E-4FC6-904B-6930731BD85E}.Release|Any CPU.ActiveCfg = Release|Any CPU
		{A9CD1B3A-7E1E-4FC6-904B-6930731BD85E}.Release|Any CPU.Build.0 = Release|Any CPU
		{85818CC1-FB78-4B39-82D1-953B059D3DF0}.Debug|Any CPU.ActiveCfg = Debug|Any CPU
		{85818CC1-FB78-4B39-82D1-953B059D3DF0}.Debug|Any CPU.Build.0 = Debug|Any CPU
		{85818CC1-FB78-4B39-82D1-953B059D3DF0}.Release|Any CPU.ActiveCfg = Release|Any CPU
		{85818CC1-FB78-4B39-82D1-953B059D3DF0}.Release|Any CPU.Build.0 = Release|Any CPU
		{07F714D8-4ECD-4897-8709-41FB29FCAC13}.Debug|Any CPU.ActiveCfg = Debug|Any CPU
		{07F714D8-4ECD-4897-8709-41FB29FCAC13}.Debug|Any CPU.Build.0 = Debug|Any CPU
		{07F714D8-4ECD-4897-8709-41FB29FCAC13}.Release|Any CPU.ActiveCfg = Release|Any CPU
		{07F714D8-4ECD-4897-8709-41FB29FCAC13}.Release|Any CPU.Build.0 = Release|Any CPU
		{D58AD271-731E-428B-867A-296EEC4B7AB9}.Debug|Any CPU.ActiveCfg = Debug|Any CPU
		{D58AD271-731E-428B-867A-296EEC4B7AB9}.Debug|Any CPU.Build.0 = Debug|Any CPU
		{D58AD271-731E-428B-867A-296EEC4B7AB9}.Release|Any CPU.ActiveCfg = Release|Any CPU
		{D58AD271-731E-428B-867A-296EEC4B7AB9}.Release|Any CPU.Build.0 = Release|Any CPU
	EndGlobalSection
	GlobalSection(SolutionProperties) = preSolution
		HideSolutionNode = FALSE
	EndGlobalSection
	GlobalSection(NestedProjects) = preSolution
		{12FBD30C-3442-45AE-87C4-A952AAEA74CD} = {35117D10-C053-4FCE-93AF-689BC94454F0}
		{48FA3510-F97C-4107-B7B7-0CD9597774CE} = {9D9A2A41-92A6-4E01-91AF-8CFB82498C5D}
		{92FE764D-0E34-415A-A392-D42636DB5C99} = {3B6FA8E9-4A8B-4E6D-9B51-4C39D3794080}
		{D1DCF695-233C-4087-9427-A65C4647D770} = {35117D10-C053-4FCE-93AF-689BC94454F0}
		{15CB81FB-653F-416E-9BBD-935D242555AB} = {3B6FA8E9-4A8B-4E6D-9B51-4C39D3794080}
		{B1F72329-010C-44DC-90A6-CFC82FE684B0} = {35117D10-C053-4FCE-93AF-689BC94454F0}
		{A9CD1B3A-7E1E-4FC6-904B-6930731BD85E} = {35117D10-C053-4FCE-93AF-689BC94454F0}
		{85818CC1-FB78-4B39-82D1-953B059D3DF0} = {3B6FA8E9-4A8B-4E6D-9B51-4C39D3794080}
		{07F714D8-4ECD-4897-8709-41FB29FCAC13} = {3B6FA8E9-4A8B-4E6D-9B51-4C39D3794080}
		{D58AD271-731E-428B-867A-296EEC4B7AB9} = {3B6FA8E9-4A8B-4E6D-9B51-4C39D3794080}
	EndGlobalSection
	GlobalSection(ExtensibilityGlobals) = postSolution
		SolutionGuid = {7AD042FE-9723-4702-8D75-2733C4AE8E76}
	EndGlobalSection
EndGlobal
